
Microsoft Visual Studio Solution File, Format Version 12.00
# Visual Studio Version 17
VisualStudioVersion = 17.8.34525.116
MinimumVisualStudioVersion = 10.0.40219.1
Project("{FAE04EC0-301F-11D3-BF4B-00C04F79EFBC}") = "PostAplication", "PostAplication\PostAplication.csproj", "{DCBB5205-0995-4EA2-8003-292FDC863F0C}"
EndProject
Global
	GlobalSection(SolutionConfigurationPlatforms) = preSolution
		Debug|Any CPU = Debug|Any CPU
		Release|Any CPU = Release|Any CPU
	EndGlobalSection
	GlobalSection(ProjectConfigurationPlatforms) = postSolution
		{DCBB5205-0995-4EA2-8003-292FDC863F0C}.Debug|Any CPU.ActiveCfg = Debug|Any CPU
		{DCBB5205-0995-4EA2-8003-292FDC863F0C}.Debug|Any CPU.Build.0 = Debug|Any CPU
		{DCBB5205-0995-4EA2-8003-292FDC863F0C}.Release|Any CPU.ActiveCfg = Release|Any CPU
		{DCBB5205-0995-4EA2-8003-292FDC863F0C}.Release|Any CPU.Build.0 = Release|Any CPU
	EndGlobalSection
	GlobalSection(SolutionProperties) = preSolution
		HideSolutionNode = FALSE
	EndGlobalSection
	GlobalSection(ExtensibilityGlobals) = postSolution
		SolutionGuid = {C6300653-0B46-4C0F-8404-C415DA8D0706}
	EndGlobalSection
EndGlobal
